
Microsoft Visual Studio Solution File, Format Version 12.00
# Visual Studio Version 17
VisualStudioVersion = 17.0.32112.339
MinimumVisualStudioVersion = 10.0.40219.1
Project("{9A19103F-16F7-4668-BE54-9A1E7A4F7556}") = "API", "API\API.csproj", "{4D4D647C-9BDF-4515-9993-5D212FCB0A0F}"
EndProject
Project("{9A19103F-16F7-4668-BE54-9A1E7A4F7556}") = "Application", "Application\Application.csproj", "{C8A486CF-1D51-49FD-8923-1A6301246ADC}"
EndProject
Project("{9A19103F-16F7-4668-BE54-9A1E7A4F7556}") = "Infrastructure", "Infrastructure\Infrastructure.csproj", "{1EF63C26-C531-4AF0-8935-6FB62A0194E8}"
EndProject
Project("{9A19103F-16F7-4668-BE54-9A1E7A4F7556}") = "Domain", "Domain\Domain.csproj", "{BB2B8B7C-07FF-435D-B037-77140D49F6A5}"
EndProject
Project("{9A19103F-16F7-4668-BE54-9A1E7A4F7556}") = "Persistence", "Persistence\Persistence.csproj", "{80121937-0817-4058-8062-BBD4E23B7E4D}"
EndProject
Global
	GlobalSection(SolutionConfigurationPlatforms) = preSolution
		Debug|Any CPU = Debug|Any CPU
		Release|Any CPU = Release|Any CPU
	EndGlobalSection
	GlobalSection(ProjectConfigurationPlatforms) = postSolution
		{4D4D647C-9BDF-4515-9993-5D212FCB0A0F}.Debug|Any CPU.ActiveCfg = Debug|Any CPU
		{4D4D647C-9BDF-4515-9993-5D212FCB0A0F}.Debug|Any CPU.Build.0 = Debug|Any CPU
		{4D4D647C-9BDF-4515-9993-5D212FCB0A0F}.Release|Any CPU.ActiveCfg = Release|Any CPU
		{4D4D647C-9BDF-4515-9993-5D212FCB0A0F}.Release|Any CPU.Build.0 = Release|Any CPU
		{C8A486CF-1D51-49FD-8923-1A6301246ADC}.Debug|Any CPU.ActiveCfg = Debug|Any CPU
		{C8A486CF-1D51-49FD-8923-1A6301246ADC}.Debug|Any CPU.Build.0 = Debug|Any CPU
		{C8A486CF-1D51-49FD-8923-1A6301246ADC}.Release|Any CPU.ActiveCfg = Release|Any CPU
		{C8A486CF-1D51-49FD-8923-1A6301246ADC}.Release|Any CPU.Build.0 = Release|Any CPU
		{1EF63C26-C531-4AF0-8935-6FB62A0194E8}.Debug|Any CPU.ActiveCfg = Debug|Any CPU
		{1EF63C26-C531-4AF0-8935-6FB62A0194E8}.Debug|Any CPU.Build.0 = Debug|Any CPU
		{1EF63C26-C531-4AF0-8935-6FB62A0194E8}.Release|Any CPU.ActiveCfg = Release|Any CPU
		{1EF63C26-C531-4AF0-8935-6FB62A0194E8}.Release|Any CPU.Build.0 = Release|Any CPU
		{BB2B8B7C-07FF-435D-B037-77140D49F6A5}.Debug|Any CPU.ActiveCfg = Debug|Any CPU
		{BB2B8B7C-07FF-435D-B037-77140D49F6A5}.Debug|Any CPU.Build.0 = Debug|Any CPU
		{BB2B8B7C-07FF-435D-B037-77140D49F6A5}.Release|Any CPU.ActiveCfg = Release|Any CPU
		{BB2B8B7C-07FF-435D-B037-77140D49F6A5}.Release|Any CPU.Build.0 = Release|Any CPU
		{80121937-0817-4058-8062-BBD4E23B7E4D}.Debug|Any CPU.ActiveCfg = Debug|Any CPU
		{80121937-0817-4058-8062-BBD4E23B7E4D}.Debug|Any CPU.Build.0 = Debug|Any CPU
		{80121937-0817-4058-8062-BBD4E23B7E4D}.Release|Any CPU.ActiveCfg = Release|Any CPU
		{80121937-0817-4058-8062-BBD4E23B7E4D}.Release|Any CPU.Build.0 = Release|Any CPU
	EndGlobalSection
	GlobalSection(SolutionProperties) = preSolution
		HideSolutionNode = FALSE
	EndGlobalSection
	GlobalSection(ExtensibilityGlobals) = postSolution
		SolutionGuid = {F9B87659-B1AE-4FE8-9BBA-F0989CD3145B}
	EndGlobalSection
EndGlobal
